
Microsoft Visual Studio Solution File, Format Version 12.00
# Visual Studio Version 16
VisualStudioVersion = 16.0.30626.31
MinimumVisualStudioVersion = 10.0.40219.1
Project("{FAE04EC0-301F-11D3-BF4B-00C04F79EFBC}") = "Laborator5", "Laborator5\Laborator5.csproj", "{482A17C7-2DE8-4CD4-AE18-BD07F4F65BF0}"
EndProject
Global
	GlobalSection(SolutionConfigurationPlatforms) = preSolution
		Debug|Any CPU = Debug|Any CPU
		Release|Any CPU = Release|Any CPU
	EndGlobalSection
	GlobalSection(ProjectConfigurationPlatforms) = postSolution
		{482A17C7-2DE8-4CD4-AE18-BD07F4F65BF0}.Debug|Any CPU.ActiveCfg = Debug|Any CPU
		{482A17C7-2DE8-4CD4-AE18-BD07F4F65BF0}.Debug|Any CPU.Build.0 = Debug|Any CPU
		{482A17C7-2DE8-4CD4-AE18-BD07F4F65BF0}.Release|Any CPU.ActiveCfg = Release|Any CPU
		{482A17C7-2DE8-4CD4-AE18-BD07F4F65BF0}.Release|Any CPU.Build.0 = Release|Any CPU
	EndGlobalSection
	GlobalSection(SolutionProperties) = preSolution
		HideSolutionNode = FALSE
	EndGlobalSection
	GlobalSection(ExtensibilityGlobals) = postSolution
		SolutionGuid = {4B57C78B-B48A-45EF-B421-1F84D6A714C1}
	EndGlobalSection
EndGlobal
